schema: '2.0'
stages:
  data_ingestion:
    cmd: python src/cnnClassifier/pipeline/stage_01_data_ingestion_pipeline.py
    deps:
    - path: config/config.yaml
      hash: md5
      md5: 1f649cb1a2389b77ceffc52947d57691
      size: 810
    - path: src/cnnClassifier/pipeline/stage_01_data_ingestion_pipeline.py
      hash: md5
      md5: b97d78ad68317569388a8e12b6884a00
      size: 935
    outs:
    - path: artifacts/data_ingestion/Chicken-fecal-images
      hash: md5
      md5: 9e1f8dd2eae3c29e9d635df89d438ae4.dir
      size: 12207807
      nfiles: 390
  prepare_base_model:
    cmd: python src/cnnClassifier/pipeline/stage_02_prepare_base_model.py
    deps:
    - path: config/config.yaml
      hash: md5
      md5: 1f649cb1a2389b77ceffc52947d57691
      size: 810
    - path: src/cnnClassifier/pipeline/stage_02_prepare_base_model.py
      hash: md5
      md5: cd42ea8bd45a268c221bb7ab2443c091
      size: 1001
    params:
      params.yaml:
        CLASSES: 2
        IMAGE_SIZE:
        - 224
        - 224
        - 3
        INCLUDE_TOP: false
        LEARNING_RATE: 0.01
        WEIGHTS: imagenet
    outs:
    - path: artifacts/prepare_base_model
      hash: md5
      md5: 64522fbf60292c1a8f890e157829e19f.dir
      size: 118059248
      nfiles: 2
  training:
    cmd: python src/cnnClassifier/pipeline/stage_03_model_training.py
    deps:
    - path: artifacts/data_ingestion/Chicken-fecal-images
      hash: md5
      md5: 9e1f8dd2eae3c29e9d635df89d438ae4.dir
      size: 12207807
      nfiles: 390
    - path: artifacts/prepare_base_model
      hash: md5
      md5: 64522fbf60292c1a8f890e157829e19f.dir
      size: 118059248
      nfiles: 2
    - path: config/config.yaml
      hash: md5
      md5: 1f649cb1a2389b77ceffc52947d57691
      size: 810
    - path: src/cnnClassifier/components/prepare_callbacks.py
      hash: md5
      md5: 37a09e4e5aceca3276afdde8f67ff5f7
      size: 1028
    - path: src/cnnClassifier/pipeline/stage_03_model_training.py
      hash: md5
      md5: 0569c36ec61a44d5c05ef4a83e462860
      size: 1256
    params:
      params.yaml:
        AUGMENTATION: true
        BATCH_SIZE: 16
        EPOCHS: 1
        IMAGE_SIZE:
        - 224
        - 224
        - 3
    outs:
    - path: artifacts/training/model.h5
      hash: md5
      md5: fd482e36a28adecd21b689125ee8cba7
      size: 59340720
  evaluation:
    cmd: python src/cnnClassifier/pipeline/stage_04_model_evaluation.py
    deps:
    - path: artifacts/data_ingestion/Chicken-fecal-images
      hash: md5
      md5: 9e1f8dd2eae3c29e9d635df89d438ae4.dir
      size: 12207807
      nfiles: 390
    - path: artifacts/training/model.h5
      hash: md5
      md5: fd482e36a28adecd21b689125ee8cba7
      size: 59340720
    - path: config/config.yaml
      hash: md5
      md5: 1f649cb1a2389b77ceffc52947d57691
      size: 810
    - path: src/cnnClassifier/pipeline/stage_04_model_evaluation.py
      hash: md5
      md5: aa3b9f1a409f7ddadba10fdfe7a64912
      size: 927
    params:
      params.yaml:
        BATCH_SIZE: 16
        IMAGE_SIZE:
        - 224
        - 224
        - 3
    outs:
    - path: scores.json
      hash: md5
      md5: 09fa1ddd7609e6e4d7fdeece6ad9d539
      size: 57
